// !$*UTF8*$!
{
	archiveVersion = 1;
	classes = {
	};
	objectVersion = 56;
	objects = {

/* Begin PBXBuildFile section */
		C651333A2C2EC1B200DE3732 /* extension+String.swift in Sources */ = {isa = PBXBuildFile; fileRef = C65133392C2EC1B200DE3732 /* extension+String.swift */; };
		C651333C2C2EC48900DE3732 /* NetworkAPIError.swift in Sources */ = {isa = PBXBuildFile; fileRef = C651333B2C2EC48900DE3732 /* NetworkAPIError.swift */; };
		C6B192CA2C2EA919001EE8E4 /* extension+Date.swift in Sources */ = {isa = PBXBuildFile; fileRef = C6B192C92C2EA919001EE8E4 /* extension+Date.swift */; };
		C6B192E72C2EAF88001EE8E4 /* extension+DecodingError.swift in Sources */ = {isa = PBXBuildFile; fileRef = C6B192E62C2EAF88001EE8E4 /* extension+DecodingError.swift */; };
		C6FF90722C2E284300B0087A /* CommonAPI.docc in Sources */ = {isa = PBXBuildFile; fileRef = C6FF90712C2E284300B0087A /* CommonAPI.docc */; };
		C6FF90782C2E284300B0087A /* CommonAPI.framework in Frameworks */ = {isa = PBXBuildFile; fileRef = C6FF906D2C2E284300B0087A /* CommonAPI.framework */; };
		C6FF907D2C2E284300B0087A /* CommonAPITests.swift in Sources */ = {isa = PBXBuildFile; fileRef = C6FF907C2C2E284300B0087A /* CommonAPITests.swift */; };
		C6FF907E2C2E284300B0087A /* CommonAPI.h in Headers */ = {isa = PBXBuildFile; fileRef = C6FF90702C2E284300B0087A /* CommonAPI.h */; settings = {ATTRIBUTES = (Public, ); }; };
		C6FF91342C2E331C00B0087A /* extension+Data.swift in Sources */ = {isa = PBXBuildFile; fileRef = C6FF91332C2E331C00B0087A /* extension+Data.swift */; };
		C6FF914E2C2E437D00B0087A /* HttpClientManagerAPIError.swift in Sources */ = {isa = PBXBuildFile; fileRef = C6FF914D2C2E437D00B0087A /* HttpClientManagerAPIError.swift */; };
		C6FF91502C2E43A700B0087A /* CustomLocalizedError.swift in Sources */ = {isa = PBXBuildFile; fileRef = C6FF914F2C2E43A700B0087A /* CustomLocalizedError.swift */; };
		C6FF91522C2E441A00B0087A /* extension+Error.swift in Sources */ = {isa = PBXBuildFile; fileRef = C6FF91512C2E441A00B0087A /* extension+Error.swift */; };
		C6FF91542C2E444400B0087A /* extension+CustomLocalizedError.swift in Sources */ = {isa = PBXBuildFile; fileRef = C6FF91532C2E444400B0087A /* extension+CustomLocalizedError.swift */; };
/* End PBXBuildFile section */

/* Begin PBXContainerItemProxy section */
		C6FF90792C2E284300B0087A /* PBXContainerItemProxy */ = {
			isa = PBXContainerItemProxy;
			containerPortal = C6FF90642C2E284300B0087A /* Project object */;
			proxyType = 1;
			remoteGlobalIDString = C6FF906C2C2E284300B0087A;
			remoteInfo = CommonAPI;
		};
/* End PBXContainerItemProxy section */

/* Begin PBXFileReference section */
		C65133392C2EC1B200DE3732 /* extension+String.swift */ = {isa = PBXFileReference; lastKnownFileType = sourcecode.swift; path = "extension+String.swift"; sourceTree = "<group>"; };
		C651333B2C2EC48900DE3732 /* NetworkAPIError.swift */ = {isa = PBXFileReference; lastKnownFileType = sourcecode.swift; path = NetworkAPIError.swift; sourceTree = "<group>"; };
		C6B192C92C2EA919001EE8E4 /* extension+Date.swift */ = {isa = PBXFileReference; lastKnownFileType = sourcecode.swift; path = "extension+Date.swift"; sourceTree = "<group>"; };
		C6B192E62C2EAF88001EE8E4 /* extension+DecodingError.swift */ = {isa = PBXFileReference; lastKnownFileType = sourcecode.swift; path = "extension+DecodingError.swift"; sourceTree = "<group>"; };
		C6FF906D2C2E284300B0087A /* CommonAPI.framework */ = {isa = PBXFileReference; explicitFileType = wrapper.framework; includeInIndex = 0; path = CommonAPI.framework; sourceTree = BUILT_PRODUCTS_DIR; };
		C6FF90702C2E284300B0087A /* CommonAPI.h */ = {isa = PBXFileReference; lastKnownFileType = sourcecode.c.h; path = CommonAPI.h; sourceTree = "<group>"; };
		C6FF90712C2E284300B0087A /* CommonAPI.docc */ = {isa = PBXFileReference; lastKnownFileType = folder.documentationcatalog; path = CommonAPI.docc; sourceTree = "<group>"; };
		C6FF90772C2E284300B0087A /* CommonAPITests.xctest */ = {isa = PBXFileReference; explicitFileType = wrapper.cfbundle; includeInIndex = 0; path = CommonAPITests.xctest; sourceTree = BUILT_PRODUCTS_DIR; };
		C6FF907C2C2E284300B0087A /* CommonAPITests.swift */ = {isa = PBXFileReference; lastKnownFileType = sourcecode.swift; path = CommonAPITests.swift; sourceTree = "<group>"; };
		C6FF91332C2E331C00B0087A /* extension+Data.swift */ = {isa = PBXFileReference; lastKnownFileType = sourcecode.swift; path = "extension+Data.swift"; sourceTree = "<group>"; };
		C6FF914D2C2E437D00B0087A /* HttpClientManagerAPIError.swift */ = {isa = PBXFileReference; lastKnownFileType = sourcecode.swift; path = HttpClientManagerAPIError.swift; sourceTree = "<group>"; };
		C6FF914F2C2E43A700B0087A /* CustomLocalizedError.swift */ = {isa = PBXFileReference; lastKnownFileType = sourcecode.swift; path = CustomLocalizedError.swift; sourceTree = "<group>"; };
		C6FF91512C2E441A00B0087A /* extension+Error.swift */ = {isa = PBXFileReference; lastKnownFileType = sourcecode.swift; path = "extension+Error.swift"; sourceTree = "<group>"; };
		C6FF91532C2E444400B0087A /* extension+CustomLocalizedError.swift */ = {isa = PBXFileReference; lastKnownFileType = sourcecode.swift; path = "extension+CustomLocalizedError.swift"; sourceTree = "<group>"; };
/* End PBXFileReference section */

/* Begin PBXFrameworksBuildPhase section */
		C6FF906A2C2E284300B0087A /* Frameworks */ = {
			isa = PBXFrameworksBuildPhase;
			buildActionMask = 2147483647;
			files = (
			);
			runOnlyForDeploymentPostprocessing = 0;
		};
		C6FF90742C2E284300B0087A /* Frameworks */ = {
			isa = PBXFrameworksBuildPhase;
			buildActionMask = 2147483647;
			files = (
				C6FF90782C2E284300B0087A /* CommonAPI.framework in Frameworks */,
			);
			runOnlyForDeploymentPostprocessing = 0;
		};
/* End PBXFrameworksBuildPhase section */

/* Begin PBXGroup section */
		C6FF90632C2E284300B0087A = {
			isa = PBXGroup;
			children = (
				C6FF906F2C2E284300B0087A /* CommonAPI */,
				C6FF907B2C2E284300B0087A /* CommonAPITests */,
				C6FF906E2C2E284300B0087A /* Products */,
			);
			sourceTree = "<group>";
		};
		C6FF906E2C2E284300B0087A /* Products */ = {
			isa = PBXGroup;
			children = (
				C6FF906D2C2E284300B0087A /* CommonAPI.framework */,
				C6FF90772C2E284300B0087A /* CommonAPITests.xctest */,
			);
			name = Products;
			sourceTree = "<group>";
		};
		C6FF906F2C2E284300B0087A /* CommonAPI */ = {
			isa = PBXGroup;
			children = (
				C6FF914B2C2E435500B0087A /* Errors */,
				C6FF91322C2E32ED00B0087A /* Extentions */,
				C6FF90702C2E284300B0087A /* CommonAPI.h */,
				C6FF90712C2E284300B0087A /* CommonAPI.docc */,
			);
			path = CommonAPI;
			sourceTree = "<group>";
		};
		C6FF907B2C2E284300B0087A /* CommonAPITests */ = {
			isa = PBXGroup;
			children = (
				C6FF907C2C2E284300B0087A /* CommonAPITests.swift */,
			);
			path = CommonAPITests;
			sourceTree = "<group>";
		};
		C6FF91322C2E32ED00B0087A /* Extentions */ = {
			isa = PBXGroup;
			children = (
				C6FF91332C2E331C00B0087A /* extension+Data.swift */,
				C6FF91512C2E441A00B0087A /* extension+Error.swift */,
				C6FF91532C2E444400B0087A /* extension+CustomLocalizedError.swift */,
				C6B192C92C2EA919001EE8E4 /* extension+Date.swift */,
				C6B192E62C2EAF88001EE8E4 /* extension+DecodingError.swift */,
				C65133392C2EC1B200DE3732 /* extension+String.swift */,
			);
			path = Extentions;
			sourceTree = "<group>";
		};
		C6FF914B2C2E435500B0087A /* Errors */ = {
			isa = PBXGroup;
			children = (
				C6FF914D2C2E437D00B0087A /* HttpClientManagerAPIError.swift */,
				C6FF914F2C2E43A700B0087A /* CustomLocalizedError.swift */,
				C651333B2C2EC48900DE3732 /* NetworkAPIError.swift */,
			);
			path = Errors;
			sourceTree = "<group>";
		};
/* End PBXGroup section */

/* Begin PBXHeadersBuildPhase section */
		C6FF90682C2E284300B0087A /* Headers */ = {
			isa = PBXHeadersBuildPhase;
			buildActionMask = 2147483647;
			files = (
				C6FF907E2C2E284300B0087A /* CommonAPI.h in Headers */,
			);
			runOnlyForDeploymentPostprocessing = 0;
		};
/* End PBXHeadersBuildPhase section */

/* Begin PBXNativeTarget section */
		C6FF906C2C2E284300B0087A /* CommonAPI */ = {
			isa = PBXNativeTarget;
			buildConfigurationList = C6FF90812C2E284300B0087A /* Build configuration list for PBXNativeTarget "CommonAPI" */;
			buildPhases = (
				C6FF90682C2E284300B0087A /* Headers */,
				C6FF90692C2E284300B0087A /* Sources */,
				C6FF906A2C2E284300B0087A /* Frameworks */,
				C6FF906B2C2E284300B0087A /* Resources */,
			);
			buildRules = (
			);
			dependencies = (
			);
			name = CommonAPI;
			productName = CommonAPI;
			productReference = C6FF906D2C2E284300B0087A /* CommonAPI.framework */;
			productType = "com.apple.product-type.framework";
		};
		C6FF90762C2E284300B0087A /* CommonAPITests */ = {
			isa = PBXNativeTarget;
			buildConfigurationList = C6FF90842C2E284300B0087A /* Build configuration list for PBXNativeTarget "CommonAPITests" */;
			buildPhases = (
				C6FF90732C2E284300B0087A /* Sources */,
				C6FF90742C2E284300B0087A /* Frameworks */,
				C6FF90752C2E284300B0087A /* Resources */,
			);
			buildRules = (
			);
			dependencies = (
				C6FF907A2C2E284300B0087A /* PBXTargetDependency */,
			);
			name = CommonAPITests;
			productName = CommonAPITests;
			productReference = C6FF90772C2E284300B0087A /* CommonAPITests.xctest */;
			productType = "com.apple.product-type.bundle.unit-test";
		};
/* End PBXNativeTarget section */

/* Begin PBXProject section */
		C6FF90642C2E284300B0087A /* Project object */ = {
			isa = PBXProject;
			attributes = {
				BuildIndependentTargetsInParallel = 1;
				LastSwiftUpdateCheck = 1540;
				LastUpgradeCheck = 1540;
				TargetAttributes = {
					C6FF906C2C2E284300B0087A = {
						CreatedOnToolsVersion = 15.4;
					};
					C6FF90762C2E284300B0087A = {
						CreatedOnToolsVersion = 15.4;
					};
				};
			};
			buildConfigurationList = C6FF90672C2E284300B0087A /* Build configuration list for PBXProject "CommonAPI" */;
			compatibilityVersion = "Xcode 14.0";
			developmentRegion = en;
			hasScannedForEncodings = 0;
			knownRegions = (
				en,
				Base,
			);
			mainGroup = C6FF90632C2E284300B0087A;
			productRefGroup = C6FF906E2C2E284300B0087A /* Products */;
			projectDirPath = "";
			projectRoot = "";
			targets = (
				C6FF906C2C2E284300B0087A /* CommonAPI */,
				C6FF90762C2E284300B0087A /* CommonAPITests */,
			);
		};
/* End PBXProject section */

/* Begin PBXResourcesBuildPhase section */
		C6FF906B2C2E284300B0087A /* Resources */ = {
			isa = PBXResourcesBuildPhase;
			buildActionMask = 2147483647;
			files = (
			);
			runOnlyForDeploymentPostprocessing = 0;
		};
		C6FF90752C2E284300B0087A /* Resources */ = {
			isa = PBXResourcesBuildPhase;
			buildActionMask = 2147483647;
			files = (
			);
			runOnlyForDeploymentPostprocessing = 0;
		};
/* End PBXResourcesBuildPhase section */

/* Begin PBXSourcesBuildPhase section */
		C6FF90692C2E284300B0087A /* Sources */ = {
			isa = PBXSourcesBuildPhase;
			buildActionMask = 2147483647;
			files = (
				C6FF90722C2E284300B0087A /* CommonAPI.docc in Sources */,
				C6FF91502C2E43A700B0087A /* CustomLocalizedError.swift in Sources */,
				C651333A2C2EC1B200DE3732 /* extension+String.swift in Sources */,
				C6FF914E2C2E437D00B0087A /* HttpClientManagerAPIError.swift in Sources */,
				C6B192CA2C2EA919001EE8E4 /* extension+Date.swift in Sources */,
				C6FF91542C2E444400B0087A /* extension+CustomLocalizedError.swift in Sources */,
				C651333C2C2EC48900DE3732 /* NetworkAPIError.swift in Sources */,
				C6FF91522C2E441A00B0087A /* extension+Error.swift in Sources */,
				C6FF91342C2E331C00B0087A /* extension+Data.swift in Sources */,
				C6B192E72C2EAF88001EE8E4 /* extension+DecodingError.swift in Sources */,
			);
			runOnlyForDeploymentPostprocessing = 0;
		};
		C6FF90732C2E284300B0087A /* Sources */ = {
			isa = PBXSourcesBuildPhase;
			buildActionMask = 2147483647;
			files = (
				C6FF907D2C2E284300B0087A /* CommonAPITests.swift in Sources */,
			);
			runOnlyForDeploymentPostprocessing = 0;
		};
/* End PBXSourcesBuildPhase section */

/* Begin PBXTargetDependency section */
		C6FF907A2C2E284300B0087A /* PBXTargetDependency */ = {
			isa = PBXTargetDependency;
			target = C6FF906C2C2E284300B0087A /* CommonAPI */;
			targetProxy = C6FF90792C2E284300B0087A /* PBXContainerItemProxy */;
		};
/* End PBXTargetDependency section */

/* Begin XCBuildConfiguration section */
		C6FF907F2C2E284300B0087A /* Debug */ = {
			isa = XCBuildConfiguration;
			buildSettings = {
				ALWAYS_SEARCH_USER_PATHS = NO;
				ASSETCATALOG_COMPILER_GENERATE_SWIFT_ASSET_SYMBOL_EXTENSIONS = YES;
				CLANG_ANALYZER_NONNULL = YES;
				CLANG_ANALYZER_NUMBER_OBJECT_CONVERSION = YES_AGGRESSIVE;
				CLANG_CXX_LANGUAGE_STANDARD = "gnu++20";
				CLANG_ENABLE_MODULES = YES;
				CLANG_ENABLE_OBJC_ARC = YES;
				CLANG_ENABLE_OBJC_WEAK = YES;
				CLANG_WARN_BLOCK_CAPTURE_AUTORELEASING = YES;
				CLANG_WARN_BOOL_CONVERSION = YES;
				CLANG_WARN_COMMA = YES;
				CLANG_WARN_CONSTANT_CONVERSION = YES;
				CLANG_WARN_DEPRECATED_OBJC_IMPLEMENTATIONS = YES;
				CLANG_WARN_DIRECT_OBJC_ISA_USAGE = YES_ERROR;
				CLANG_WARN_DOCUMENTATION_COMMENTS = YES;
				CLANG_WARN_EMPTY_BODY = YES;
				CLANG_WARN_ENUM_CONVERSION = YES;
				CLANG_WARN_INFINITE_RECURSION = YES;
				CLANG_WARN_INT_CONVERSION = YES;
				CLANG_WARN_NON_LITERAL_NULL_CONVERSION = YES;
				CLANG_WARN_OBJC_IMPLICIT_RETAIN_SELF = YES;
				CLANG_WARN_OBJC_LITERAL_CONVERSION = YES;
				CLANG_WARN_OBJC_ROOT_CLASS = YES_ERROR;
				CLANG_WARN_QUOTED_INCLUDE_IN_FRAMEWORK_HEADER = YES;
				CLANG_WARN_RANGE_LOOP_ANALYSIS = YES;
				CLANG_WARN_STRICT_PROTOTYPES = YES;
				CLANG_WARN_SUSPICIOUS_MOVE = YES;
				CLANG_WARN_UNGUARDED_AVAILABILITY = YES_AGGRESSIVE;
				CLANG_WARN_UNREACHABLE_CODE = YES;
				CLANG_WARN__DUPLICATE_METHOD_MATCH = YES;
				COPY_PHASE_STRIP = NO;
				CURRENT_PROJECT_VERSION = 1;
				DEBUG_INFORMATION_FORMAT = dwarf;
				ENABLE_STRICT_OBJC_MSGSEND = YES;
				ENABLE_TESTABILITY = YES;
				ENABLE_USER_SCRIPT_SANDBOXING = YES;
				GCC_C_LANGUAGE_STANDARD = gnu17;
				GCC_DYNAMIC_NO_PIC = NO;
				GCC_NO_COMMON_BLOCKS = YES;
				GCC_OPTIMIZATION_LEVEL = 0;
				GCC_PREPROCESSOR_DEFINITIONS = (
					"DEBUG=1",
					"$(inherited)",
				);
				GCC_WARN_64_TO_32_BIT_CONVERSION = YES;
				GCC_WARN_ABOUT_RETURN_TYPE = YES_ERROR;
				GCC_WARN_UNDECLARED_SELECTOR = YES;
				GCC_WARN_UNINITIALIZED_AUTOS = YES_AGGRESSIVE;
				GCC_WARN_UNUSED_FUNCTION = YES;
				GCC_WARN_UNUSED_VARIABLE = YES;
				IPHONEOS_DEPLOYMENT_TARGET = 17.5;
				LOCALIZATION_PREFERS_STRING_CATALOGS = YES;
				MTL_ENABLE_DEBUG_INFO = INCLUDE_SOURCE;
				MTL_FAST_MATH = YES;
				ONLY_ACTIVE_ARCH = YES;
				SDKROOT = iphoneos;
				SWIFT_ACTIVE_COMPILATION_CONDITIONS = "DEBUG $(inherited)";
				SWIFT_OPTIMIZATION_LEVEL = "-Onone";
				VERSIONING_SYSTEM = "apple-generic";
				VERSION_INFO_PREFIX = "";
			};
			name = Debug;
		};
		C6FF90802C2E284300B0087A /* Release */ = {
			isa = XCBuildConfiguration;
			buildSettings = {
				ALWAYS_SEARCH_USER_PATHS = NO;
				ASSETCATALOG_COMPILER_GENERATE_SWIFT_ASSET_SYMBOL_EXTENSIONS = YES;
				CLANG_ANALYZER_NONNULL = YES;
				CLANG_ANALYZER_NUMBER_OBJECT_CONVERSION = YES_AGGRESSIVE;
				CLANG_CXX_LANGUAGE_STANDARD = "gnu++20";
				CLANG_ENABLE_MODULES = YES;
				CLANG_ENABLE_OBJC_ARC = YES;
				CLANG_ENABLE_OBJC_WEAK = YES;
				CLANG_WARN_BLOCK_CAPTURE_AUTORELEASING = YES;
				CLANG_WARN_BOOL_CONVERSION = YES;
				CLANG_WARN_COMMA = YES;
				CLANG_WARN_CONSTANT_CONVERSION = YES;
				CLANG_WARN_DEPRECATED_OBJC_IMPLEMENTATIONS = YES;
				CLANG_WARN_DIRECT_OBJC_ISA_USAGE = YES_ERROR;
				CLANG_WARN_DOCUMENTATION_COMMENTS = YES;
				CLANG_WARN_EMPTY_BODY = YES;
				CLANG_WARN_ENUM_CONVERSION = YES;
				CLANG_WARN_INFINITE_RECURSION = YES;
				CLANG_WARN_INT_CONVERSION = YES;
				CLANG_WARN_NON_LITERAL_NULL_CONVERSION = YES;
				CLANG_WARN_OBJC_IMPLICIT_RETAIN_SELF = YES;
				CLANG_WARN_OBJC_LITERAL_CONVERSION = YES;
				CLANG_WARN_OBJC_ROOT_CLASS = YES_ERROR;
				CLANG_WARN_QUOTED_INCLUDE_IN_FRAMEWORK_HEADER = YES;
				CLANG_WARN_RANGE_LOOP_ANALYSIS = YES;
				CLANG_WARN_STRICT_PROTOTYPES = YES;
				CLANG_WARN_SUSPICIOUS_MOVE = YES;
				CLANG_WARN_UNGUARDED_AVAILABILITY = YES_AGGRESSIVE;
				CLANG_WARN_UNREACHABLE_CODE = YES;
				CLANG_WARN__DUPLICATE_METHOD_MATCH = YES;
				COPY_PHASE_STRIP = NO;
				CURRENT_PROJECT_VERSION = 1;
				DEBUG_INFORMATION_FORMAT = "dwarf-with-dsym";
				ENABLE_NS_ASSERTIONS = NO;
				ENABLE_STRICT_OBJC_MSGSEND = YES;
				ENABLE_USER_SCRIPT_SANDBOXING = YES;
				GCC_C_LANGUAGE_STANDARD = gnu17;
				GCC_NO_COMMON_BLOCKS = YES;
				GCC_WARN_64_TO_32_BIT_CONVERSION = YES;
				GCC_WARN_ABOUT_RETURN_TYPE = YES_ERROR;
				GCC_WARN_UNDECLARED_SELECTOR = YES;
				GCC_WARN_UNINITIALIZED_AUTOS = YES_AGGRESSIVE;
				GCC_WARN_UNUSED_FUNCTION = YES;
				GCC_WARN_UNUSED_VARIABLE = YES;
				IPHONEOS_DEPLOYMENT_TARGET = 17.5;
				LOCALIZATION_PREFERS_STRING_CATALOGS = YES;
				MTL_ENABLE_DEBUG_INFO = NO;
				MTL_FAST_MATH = YES;
				SDKROOT = iphoneos;
				SWIFT_COMPILATION_MODE = wholemodule;
				VALIDATE_PRODUCT = YES;
				VERSIONING_SYSTEM = "apple-generic";
				VERSION_INFO_PREFIX = "";
			};
			name = Release;
		};
		C6FF90822C2E284300B0087A /* Debug */ = {
			isa = XCBuildConfiguration;
			buildSettings = {
				BUILD_LIBRARY_FOR_DISTRIBUTION = YES;
				CODE_SIGN_STYLE = Automatic;
				CURRENT_PROJECT_VERSION = 1;
				DEFINES_MODULE = YES;
				DEVELOPMENT_TEAM = JHFBF62TJL;
				DYLIB_COMPATIBILITY_VERSION = 1;
				DYLIB_CURRENT_VERSION = 1;
				DYLIB_INSTALL_NAME_BASE = "@rpath";
				ENABLE_MODULE_VERIFIER = YES;
				GENERATE_INFOPLIST_FILE = YES;
				INFOPLIST_KEY_NSHumanReadableCopyright = "";
				INSTALL_PATH = "$(LOCAL_LIBRARY_DIR)/Frameworks";
				IPHONEOS_DEPLOYMENT_TARGET = 13.0;
				LD_RUNPATH_SEARCH_PATHS = (
					"$(inherited)",
					"@executable_path/Frameworks",
					"@loader_path/Frameworks",
				);
				MARKETING_VERSION = 1.0;
				MODULE_VERIFIER_SUPPORTED_LANGUAGES = "objective-c objective-c++";
				MODULE_VERIFIER_SUPPORTED_LANGUAGE_STANDARDS = "gnu17 gnu++20";
				PRODUCT_BUNDLE_IDENTIFIER = com.CommonAPI;
				PRODUCT_NAME = "$(TARGET_NAME:c99extidentifier)";
				SKIP_INSTALL = YES;
				SWIFT_EMIT_LOC_STRINGS = YES;
				SWIFT_INSTALL_OBJC_HEADER = NO;
				SWIFT_VERSION = 5.0;
				TARGETED_DEVICE_FAMILY = "1,2";
			};
			name = Debug;
		};
		C6FF90832C2E284300B0087A /* Release */ = {
			isa = XCBuildConfiguration;
			buildSettings = {
				BUILD_LIBRARY_FOR_DISTRIBUTION = YES;
				CODE_SIGN_STYLE = Automatic;
				CURRENT_PROJECT_VERSION = 1;
				DEFINES_MODULE = YES;
				DEVELOPMENT_TEAM = JHFBF62TJL;
				DYLIB_COMPATIBILITY_VERSION = 1;
				DYLIB_CURRENT_VERSION = 1;
				DYLIB_INSTALL_NAME_BASE = "@rpath";
				ENABLE_MODULE_VERIFIER = YES;
				GENERATE_INFOPLIST_FILE = YES;
				INFOPLIST_KEY_NSHumanReadableCopyright = "";
				INSTALL_PATH = "$(LOCAL_LIBRARY_DIR)/Frameworks";
				IPHONEOS_DEPLOYMENT_TARGET = 13.0;
				LD_RUNPATH_SEARCH_PATHS = (
					"$(inherited)",
					"@executable_path/Frameworks",
					"@loader_path/Frameworks",
				);
				MARKETING_VERSION = 1.0;
				MODULE_VERIFIER_SUPPORTED_LANGUAGES = "objective-c objective-c++";
				MODULE_VERIFIER_SUPPORTED_LANGUAGE_STANDARDS = "gnu17 gnu++20";
				PRODUCT_BUNDLE_IDENTIFIER = com.CommonAPI;
				PRODUCT_NAME = "$(TARGET_NAME:c99extidentifier)";
				SKIP_INSTALL = YES;
				SWIFT_EMIT_LOC_STRINGS = YES;
				SWIFT_INSTALL_OBJC_HEADER = NO;
				SWIFT_VERSION = 5.0;
				TARGETED_DEVICE_FAMILY = "1,2";
			};
			name = Release;
		};
		C6FF90852C2E284300B0087A /* Debug */ = {
			isa = XCBuildConfiguration;
			buildSettings = {
				ALWAYS_EMBED_SWIFT_STANDARD_LIBRARIES = YES;
				CODE_SIGN_STYLE = Automatic;
				CURRENT_PROJECT_VERSION = 1;
				DEVELOPMENT_TEAM = JHFBF62TJL;
				GENERATE_INFOPLIST_FILE = YES;
				IPHONEOS_DEPLOYMENT_TARGET = 13.0;
				MARKETING_VERSION = 1.0;
				PRODUCT_BUNDLE_IDENTIFIER = com.CommonAPITests;
				PRODUCT_NAME = "$(TARGET_NAME)";
				SWIFT_EMIT_LOC_STRINGS = NO;
				SWIFT_VERSION = 5.0;
				TARGETED_DEVICE_FAMILY = "1,2";
			};
			name = Debug;
		};
		C6FF90862C2E284300B0087A /* Release */ = {
			isa = XCBuildConfiguration;
			buildSettings = {
				ALWAYS_EMBED_SWIFT_STANDARD_LIBRARIES = YES;
				CODE_SIGN_STYLE = Automatic;
				CURRENT_PROJECT_VERSION = 1;
				DEVELOPMENT_TEAM = JHFBF62TJL;
				GENERATE_INFOPLIST_FILE = YES;
				IPHONEOS_DEPLOYMENT_TARGET = 13.0;
				MARKETING_VERSION = 1.0;
				PRODUCT_BUNDLE_IDENTIFIER = com.CommonAPITests;
				PRODUCT_NAME = "$(TARGET_NAME)";
				SWIFT_EMIT_LOC_STRINGS = NO;
				SWIFT_VERSION = 5.0;
				TARGETED_DEVICE_FAMILY = "1,2";
			};
			name = Release;
		};
/* End XCBuildConfiguration section */

/* Begin XCConfigurationList section */
		C6FF90672C2E284300B0087A /* Build configuration list for PBXProject "CommonAPI" */ = {
			isa = XCConfigurationList;
			buildConfigurations = (
				C6FF907F2C2E284300B0087A /* Debug */,
				C6FF90802C2E284300B0087A /* Release */,
			);
			defaultConfigurationIsVisible = 0;
			defaultConfigurationName = Release;
		};
		C6FF90812C2E284300B0087A /* Build configuration list for PBXNativeTarget "CommonAPI" */ = {
			isa = XCConfigurationList;
			buildConfigurations = (
				C6FF90822C2E284300B0087A /* Debug */,
				C6FF90832C2E284300B0087A /* Release */,
			);
			defaultConfigurationIsVisible = 0;
			defaultConfigurationName = Release;
		};
		C6FF90842C2E284300B0087A /* Build configuration list for PBXNativeTarget "CommonAPITests" */ = {
			isa = XCConfigurationList;
			buildConfigurations = (
				C6FF90852C2E284300B0087A /* Debug */,
				C6FF90862C2E284300B0087A /* Release */,
			);
			defaultConfigurationIsVisible = 0;
			defaultConfigurationName = Release;
		};
/* End XCConfigurationList section */
	};
	rootObject = C6FF90642C2E284300B0087A /* Project object */;
}
